dependencies:
- name: nats
  repository: https://charts.bitnami.com/bitnami
  version: 4.4.1
- name: redis
  repository: https://charts.bitnami.com/bitnami
  version: 10.7.5
- name: etcd
  repository: https://charts.bitnami.com/bitnami
  version: 5.1.0
digest: sha256:45e951dfa4e03407e0ee7a7d60d8caf2ac99155f97fbabcd3bb4974968a5feb0
generated: "2020-11-18T15:45:16.42177837Z"
